
Microsoft Visual Studio Solution File, Format Version 12.00
# Visual Studio Version 17
VisualStudioVersion = 17.7.34031.279
MinimumVisualStudioVersion = 10.0.40219.1
Project("{FAE04EC0-301F-11D3-BF4B-00C04F79EFBC}") = "baotuoitre", "baotuoitre\baotuoitre.csproj", "{15605ECD-21F6-43B8-8183-2B81C7D71708}"
EndProject
Global
	GlobalSection(SolutionConfigurationPlatforms) = preSolution
		Debug|Any CPU = Debug|Any CPU
		Release|Any CPU = Release|Any CPU
	EndGlobalSection
	GlobalSection(ProjectConfigurationPlatforms) = postSolution
		{15605ECD-21F6-43B8-8183-2B81C7D71708}.Debug|Any CPU.ActiveCfg = Debug|Any CPU
		{15605ECD-21F6-43B8-8183-2B81C7D71708}.Debug|Any CPU.Build.0 = Debug|Any CPU
		{15605ECD-21F6-43B8-8183-2B81C7D71708}.Release|Any CPU.ActiveCfg = Release|Any CPU
		{15605ECD-21F6-43B8-8183-2B81C7D71708}.Release|Any CPU.Build.0 = Release|Any CPU
	EndGlobalSection
	GlobalSection(SolutionProperties) = preSolution
		HideSolutionNode = FALSE
	EndGlobalSection
	GlobalSection(ExtensibilityGlobals) = postSolution
		SolutionGuid = {64CCF7F7-16D4-4C5A-8605-D6D003EE4303}
	EndGlobalSection
EndGlobal
